
Microsoft Visual Studio Solution File, Format Version 12.00
# Visual Studio Version 17
VisualStudioVersion = 17.4.33205.214
MinimumVisualStudioVersion = 10.0.40219.1
Project("{9A19103F-16F7-4668-BE54-9A1E7A4F7556}") = "SampleSchoolManagermentV1", "SampleSchoolManagermentV1\SampleSchoolManagermentV1.csproj", "{FE18F13E-3C39-4A08-845A-85008D529370}"
EndProject
Project("{FAE04EC0-301F-11D3-BF4B-00C04F79EFBC}") = "SchoolManagermentSystemTest", "SchoolManagermentSystemTest\SchoolManagermentSystemTest.csproj", "{44A93A58-E96C-4128-8301-A9C94FED8C0F}"
EndProject
Global
	GlobalSection(SolutionConfigurationPlatforms) = preSolution
		Debug|Any CPU = Debug|Any CPU
		Release|Any CPU = Release|Any CPU
	EndGlobalSection
	GlobalSection(ProjectConfigurationPlatforms) = postSolution
		{FE18F13E-3C39-4A08-845A-85008D529370}.Debug|Any CPU.ActiveCfg = Debug|Any CPU
		{FE18F13E-3C39-4A08-845A-85008D529370}.Debug|Any CPU.Build.0 = Debug|Any CPU
		{FE18F13E-3C39-4A08-845A-85008D529370}.Release|Any CPU.ActiveCfg = Release|Any CPU
		{FE18F13E-3C39-4A08-845A-85008D529370}.Release|Any CPU.Build.0 = Release|Any CPU
		{44A93A58-E96C-4128-8301-A9C94FED8C0F}.Debug|Any CPU.ActiveCfg = Debug|Any CPU
		{44A93A58-E96C-4128-8301-A9C94FED8C0F}.Debug|Any CPU.Build.0 = Debug|Any CPU
		{44A93A58-E96C-4128-8301-A9C94FED8C0F}.Release|Any CPU.ActiveCfg = Release|Any CPU
		{44A93A58-E96C-4128-8301-A9C94FED8C0F}.Release|Any CPU.Build.0 = Release|Any CPU
	EndGlobalSection
	GlobalSection(SolutionProperties) = preSolution
		HideSolutionNode = FALSE
	EndGlobalSection
	GlobalSection(ExtensibilityGlobals) = postSolution
		SolutionGuid = {9CCE4EAF-4BCA-4F79-857E-8051E0096132}
	EndGlobalSection
EndGlobal
